
Microsoft Visual Studio Solution File, Format Version 12.00
# Visual Studio 15
Project("{FAE04EC0-301F-11D3-BF4B-00C04F79EFBC}") = "my block model", "my block model.csproj", "{C8E25A56-09C0-FCD8-3683-115223DDFA87}"
EndProject
Global
	GlobalSection(SolutionConfigurationPlatforms) = preSolution
		Debug|Any CPU = Debug|Any CPU
		Release|Any CPU = Release|Any CPU
	EndGlobalSection
	GlobalSection(ProjectConfigurationPlatforms) = postSolution
		{C8E25A56-09C0-FCD8-3683-115223DDFA87}.Debug|Any CPU.ActiveCfg = Debug|Any CPU
		{C8E25A56-09C0-FCD8-3683-115223DDFA87}.Debug|Any CPU.Build.0 = Debug|Any CPU
		{C8E25A56-09C0-FCD8-3683-115223DDFA87}.Release|Any CPU.ActiveCfg = Release|Any CPU
		{C8E25A56-09C0-FCD8-3683-115223DDFA87}.Release|Any CPU.Build.0 = Release|Any CPU
	EndGlobalSection
	GlobalSection(SolutionProperties) = preSolution
		HideSolutionNode = FALSE
	EndGlobalSection
EndGlobal
